// !$*UTF8*$!
{
	archiveVersion = 1;
	classes = {
	};
	objectVersion = 46;
	objects = {

/* Begin PBXBuildFile section */
		7D1BB31F1B3AC8A800C2FDDC /* CMCard.m in Sources */ = {isa = PBXBuildFile; fileRef = 7D1BB31E1B3AC8A800C2FDDC /* CMCard.m */; };
		7D1BB3221B3AC93A00C2FDDC /* CMColor.m in Sources */ = {isa = PBXBuildFile; fileRef = 7D1BB3211B3AC93A00C2FDDC /* CMColor.m */; };
		7D1BB3271B3ACAE200C2FDDC /* CMQuestion.m in Sources */ = {isa = PBXBuildFile; fileRef = 7D1BB3261B3ACAE200C2FDDC /* CMQuestion.m */; };
		7D1BB32A1B3ACC2C00C2FDDC /* CMScene.m in Sources */ = {isa = PBXBuildFile; fileRef = 7D1BB3291B3ACC2C00C2FDDC /* CMScene.m */; };
		7D1BB32E1B3ACEFE00C2FDDC /* CMCardFactory.m in Sources */ = {isa = PBXBuildFile; fileRef = 7D1BB32D1B3ACEFE00C2FDDC /* CMCardFactory.m */; };
		7D1BB3331B3ACFC000C2FDDC /* CMColorFactory.m in Sources */ = {isa = PBXBuildFile; fileRef = 7D1BB3321B3ACFC000C2FDDC /* CMColorFactory.m */; };
		7D1BB3361B3AD31500C2FDDC /* CMQuestionFactory.m in Sources */ = {isa = PBXBuildFile; fileRef = 7D1BB3351B3AD31500C2FDDC /* CMQuestionFactory.m */; };
		7D1BB33B1B3ADB4500C2FDDC /* CMMenuViewController.m in Sources */ = {isa = PBXBuildFile; fileRef = 7D1BB3391B3ADB4500C2FDDC /* CMMenuViewController.m */; };
		7D1BB33C1B3ADB4500C2FDDC /* CMMenuViewController.xib in Resources */ = {isa = PBXBuildFile; fileRef = 7D1BB33A1B3ADB4500C2FDDC /* CMMenuViewController.xib */; };
		7D1BB3411B3ADC9B00C2FDDC /* CMGameViewController.m in Sources */ = {isa = PBXBuildFile; fileRef = 7D1BB33F1B3ADC9B00C2FDDC /* CMGameViewController.m */; };
		7D1BB3451B3AE03200C2FDDC /* CMQuestionView.m in Sources */ = {isa = PBXBuildFile; fileRef = 7D1BB3441B3AE03200C2FDDC /* CMQuestionView.m */; };
		7D1BB3471B3AEF9A00C2FDDC /* CMQuestionView.xib in Resources */ = {isa = PBXBuildFile; fileRef = 7D1BB3461B3AEF9A00C2FDDC /* CMQuestionView.xib */; };
		7D56C0681B3B0CFD0032FA52 /* UIView+ColorMix.m in Sources */ = {isa = PBXBuildFile; fileRef = 7D56C0671B3B0CFD0032FA52 /* UIView+ColorMix.m */; };
		7D56C06B1B3B0D5B0032FA52 /* UIColor+ColorMix.m in Sources */ = {isa = PBXBuildFile; fileRef = 7D56C06A1B3B0D5B0032FA52 /* UIColor+ColorMix.m */; };
		7D56C06E1B3B0E540032FA52 /* UILabel+ColorMix.m in Sources */ = {isa = PBXBuildFile; fileRef = 7D56C06D1B3B0E540032FA52 /* UILabel+ColorMix.m */; };
		7D56C0751B3B19230032FA52 /* ColorList.plist in Resources */ = {isa = PBXBuildFile; fileRef = 7D56C0741B3B19230032FA52 /* ColorList.plist */; };
		7D56C0791B3B25330032FA52 /* CMGameResultViewController.xib in Resources */ = {isa = PBXBuildFile; fileRef = 7D56C0781B3B25330032FA52 /* CMGameResultViewController.xib */; };
		7D56C07C1B3B25390032FA52 /* CMGameResultViewController.m in Sources */ = {isa = PBXBuildFile; fileRef = 7D56C07B1B3B25390032FA52 /* CMGameResultViewController.m */; };
		7D7E9E8A1B3CD5B900DA58A5 /* CMTutorialViewController.m in Sources */ = {isa = PBXBuildFile; fileRef = 7D7E9E881B3CD5B900DA58A5 /* CMTutorialViewController.m */; };
		7D7E9E8B1B3CD5B900DA58A5 /* CMTutorialViewController.xib in Resources */ = {isa = PBXBuildFile; fileRef = 7D7E9E891B3CD5B900DA58A5 /* CMTutorialViewController.xib */; };
		7D9B79B61B3C407F00055E24 /* CMGameViewController.xib in Resources */ = {isa = PBXBuildFile; fileRef = 7D9B79B51B3C407F00055E24 /* CMGameViewController.xib */; };
		7DCF5ADF1B3B2C2A00A85AB5 /* CMCardView.m in Sources */ = {isa = PBXBuildFile; fileRef = 7DCF5ADE1B3B2C2A00A85AB5 /* CMCardView.m */; };
		7DCF5AE11B3B2C4800A85AB5 /* CMCardView.xib in Resources */ = {isa = PBXBuildFile; fileRef = 7DCF5AE01B3B2C4800A85AB5 /* CMCardView.xib */; };
		7DFADB681B3C4B0300C2E8F6 /* CMSettingViewController.m in Sources */ = {isa = PBXBuildFile; fileRef = 7DFADB661B3C4B0300C2E8F6 /* CMSettingViewController.m */; };
		7DFADB691B3C4B0300C2E8F6 /* CMSettingViewController.xib in Resources */ = {isa = PBXBuildFile; fileRef = 7DFADB671B3C4B0300C2E8F6 /* CMSettingViewController.xib */; };
		7DFADB6E1B3C530C00C2E8F6 /* AppDelegate.m in Sources */ = {isa = PBXBuildFile; fileRef = 7DFADB6D1B3C530C00C2E8F6 /* AppDelegate.m */; };
		7DFADB711B3C561500C2E8F6 /* CMLabel.m in Sources */ = {isa = PBXBuildFile; fileRef = 7DFADB701B3C561500C2E8F6 /* CMLabel.m */; };
		7DFADB731B3C57F200C2E8F6 /* CMScoreView.m in Sources */ = {isa = PBXBuildFile; fileRef = 7DFADB721B3C57F200C2E8F6 /* CMScoreView.m */; };
		7DFADB761B3C582900C2E8F6 /* CMScoreView.xib in Resources */ = {isa = PBXBuildFile; fileRef = 7DFADB751B3C582900C2E8F6 /* CMScoreView.xib */; };
		7DFADB791B3C5C6100C2E8F6 /* UIImage+ColorMix.m in Sources */ = {isa = PBXBuildFile; fileRef = 7DFADB781B3C5C6100C2E8F6 /* UIImage+ColorMix.m */; };
		9234BD5B1B3A805100D3FFF2 /* main.m in Sources */ = {isa = PBXBuildFile; fileRef = 9234BD5A1B3A805100D3FFF2 /* main.m */; };
		9234BD661B3A805100D3FFF2 /* Images.xcassets in Resources */ = {isa = PBXBuildFile; fileRef = 9234BD651B3A805100D3FFF2 /* Images.xcassets */; };
		9234BD691B3A805100D3FFF2 /* LaunchScreen.xib in Resources */ = {isa = PBXBuildFile; fileRef = 9234BD671B3A805100D3FFF2 /* LaunchScreen.xib */; };
		9234BD751B3A805100D3FFF2 /* ColorMixTests.m in Sources */ = {isa = PBXBuildFile; fileRef = 9234BD741B3A805100D3FFF2 /* ColorMixTests.m */; };
		923B6D741B3BEDC4005386A4 /* libz.dylib in Frameworks */ = {isa = PBXBuildFile; fileRef = 923B6D731B3BEDC4005386A4 /* libz.dylib */; };
		923B6D7B1B3BEEB3005386A4 /* libMobClickGameLibrary.a in Frameworks */ = {isa = PBXBuildFile; fileRef = 923B6D761B3BEE9E005386A4 /* libMobClickGameLibrary.a */; };
		928208C61B3C11F500664E90 /* UIViewController+ColorMix.m in Sources */ = {isa = PBXBuildFile; fileRef = 928208C51B3C11F500664E90 /* UIViewController+ColorMix.m */; };
/* End PBXBuildFile section */

/* Begin PBXContainerItemProxy section */
		9234BD6F1B3A805100D3FFF2 /* PBXContainerItemProxy */ = {
			isa = PBXContainerItemProxy;
			containerPortal = 9234BD4D1B3A805100D3FFF2 /* Project object */;
			proxyType = 1;
			remoteGlobalIDString = 9234BD541B3A805100D3FFF2;
			remoteInfo = ColorMix;
		};
/* End PBXContainerItemProxy section */

/* Begin PBXFileReference section */
		7D1BB31D1B3AC8A800C2FDDC /* CMCard.h */ = {isa = PBXFileReference; fileEncoding = 4; lastKnownFileType = sourcecode.c.h; name = CMCard.h; path = Model/CMCard.h; sourceTree = "<group>"; };
		7D1BB31E1B3AC8A800C2FDDC /* CMCard.m */ = {isa = PBXFileReference; fileEncoding = 4; lastKnownFileType = sourcecode.c.objc; name = CMCard.m; path = Model/CMCard.m; sourceTree = "<group>"; };
		7D1BB3201B3AC93A00C2FDDC /* CMColor.h */ = {isa = PBXFileReference; fileEncoding = 4; lastKnownFileType = sourcecode.c.h; name = CMColor.h; path = Model/CMColor.h; sourceTree = "<group>"; };
		7D1BB3211B3AC93A00C2FDDC /* CMColor.m */ = {isa = PBXFileReference; fileEncoding = 4; lastKnownFileType = sourcecode.c.objc; name = CMColor.m; path = Model/CMColor.m; sourceTree = "<group>"; };
		7D1BB3241B3ACA2300C2FDDC /* ColorMix-Prefix.pch */ = {isa = PBXFileReference; lastKnownFileType = sourcecode.c.h; name = "ColorMix-Prefix.pch"; path = "ColorMix/ColorMix-Prefix.pch"; sourceTree = "<group>"; };
		7D1BB3251B3ACAE200C2FDDC /* CMQuestion.h */ = {isa = PBXFileReference; fileEncoding = 4; lastKnownFileType = sourcecode.c.h; name = CMQuestion.h; path = Model/CMQuestion.h; sourceTree = "<group>"; };
		7D1BB3261B3ACAE200C2FDDC /* CMQuestion.m */ = {isa = PBXFileReference; fileEncoding = 4; lastKnownFileType = sourcecode.c.objc; name = CMQuestion.m; path = Model/CMQuestion.m; sourceTree = "<group>"; };
		7D1BB3281B3ACC2C00C2FDDC /* CMScene.h */ = {isa = PBXFileReference; fileEncoding = 4; lastKnownFileType = sourcecode.c.h; name = CMScene.h; path = Model/CMScene.h; sourceTree = "<group>"; };
		7D1BB3291B3ACC2C00C2FDDC /* CMScene.m */ = {isa = PBXFileReference; fileEncoding = 4; lastKnownFileType = sourcecode.c.objc; name = CMScene.m; path = Model/CMScene.m; sourceTree = "<group>"; };
		7D1BB32C1B3ACEFE00C2FDDC /* CMCardFactory.h */ = {isa = PBXFileReference; fileEncoding = 4; lastKnownFileType = sourcecode.c.h; name = CMCardFactory.h; path = Model/Factory/CMCardFactory.h; sourceTree = "<group>"; };
		7D1BB32D1B3ACEFE00C2FDDC /* CMCardFactory.m */ = {isa = PBXFileReference; fileEncoding = 4; lastKnownFileType = sourcecode.c.objc; name = CMCardFactory.m; path = Model/Factory/CMCardFactory.m; sourceTree = "<group>"; };
		7D1BB3311B3ACFC000C2FDDC /* CMColorFactory.h */ = {isa = PBXFileReference; fileEncoding = 4; lastKnownFileType = sourcecode.c.h; name = CMColorFactory.h; path = Model/Factory/CMColorFactory.h; sourceTree = "<group>"; };
		7D1BB3321B3ACFC000C2FDDC /* CMColorFactory.m */ = {isa = PBXFileReference; fileEncoding = 4; lastKnownFileType = sourcecode.c.objc; name = CMColorFactory.m; path = Model/Factory/CMColorFactory.m; sourceTree = "<group>"; };
		7D1BB3341B3AD31500C2FDDC /* CMQuestionFactory.h */ = {isa = PBXFileReference; fileEncoding = 4; lastKnownFileType = sourcecode.c.h; name = CMQuestionFactory.h; path = Model/Factory/CMQuestionFactory.h; sourceTree = "<group>"; };
		7D1BB3351B3AD31500C2FDDC /* CMQuestionFactory.m */ = {isa = PBXFileReference; fileEncoding = 4; lastKnownFileType = sourcecode.c.objc; name = CMQuestionFactory.m; path = Model/Factory/CMQuestionFactory.m; sourceTree = "<group>"; };
		7D1BB3381B3ADB4500C2FDDC /* CMMenuViewController.h */ = {isa = PBXFileReference; fileEncoding = 4; lastKnownFileType = sourcecode.c.h; name = CMMenuViewController.h; path = ViewController/CMMenuViewController.h; sourceTree = "<group>"; };
		7D1BB3391B3ADB4500C2FDDC /* CMMenuViewController.m */ = {isa = PBXFileReference; fileEncoding = 4; lastKnownFileType = sourcecode.c.objc; name = CMMenuViewController.m; path = ViewController/CMMenuViewController.m; sourceTree = "<group>"; };
		7D1BB33A1B3ADB4500C2FDDC /* CMMenuViewController.xib */ = {isa = PBXFileReference; fileEncoding = 4; lastKnownFileType = file.xib; name = CMMenuViewController.xib; path = ViewController/CMMenuViewController.xib; sourceTree = "<group>"; };
		7D1BB33E1B3ADC9B00C2FDDC /* CMGameViewController.h */ = {isa = PBXFileReference; fileEncoding = 4; lastKnownFileType = sourcecode.c.h; name = CMGameViewController.h; path = ViewController/CMGameViewController.h; sourceTree = "<group>"; };
		7D1BB33F1B3ADC9B00C2FDDC /* CMGameViewController.m */ = {isa = PBXFileReference; fileEncoding = 4; lastKnownFileType = sourcecode.c.objc; name = CMGameViewController.m; path = ViewController/CMGameViewController.m; sourceTree = "<group>"; };
		7D1BB3431B3AE03200C2FDDC /* CMQuestionView.h */ = {isa = PBXFileReference; fileEncoding = 4; lastKnownFileType = sourcecode.c.h; name = CMQuestionView.h; path = View/CMQuestionView.h; sourceTree = "<group>"; };
		7D1BB3441B3AE03200C2FDDC /* CMQuestionView.m */ = {isa = PBXFileReference; fileEncoding = 4; lastKnownFileType = sourcecode.c.objc; name = CMQuestionView.m; path = View/CMQuestionView.m; sourceTree = "<group>"; };
		7D1BB3461B3AEF9A00C2FDDC /* CMQuestionView.xib */ = {isa = PBXFileReference; fileEncoding = 4; lastKnownFileType = file.xib; name = CMQuestionView.xib; path = View/CMQuestionView.xib; sourceTree = "<group>"; };
		7D56C0661B3B0CFD0032FA52 /* UIView+ColorMix.h */ = {isa = PBXFileReference; fileEncoding = 4; lastKnownFileType = sourcecode.c.h; name = "UIView+ColorMix.h"; path = "Category/UIView+ColorMix.h"; sourceTree = "<group>"; };
		7D56C0671B3B0CFD0032FA52 /* UIView+ColorMix.m */ = {isa = PBXFileReference; fileEncoding = 4; lastKnownFileType = sourcecode.c.objc; name = "UIView+ColorMix.m"; path = "Category/UIView+ColorMix.m"; sourceTree = "<group>"; };
		7D56C0691B3B0D5A0032FA52 /* UIColor+ColorMix.h */ = {isa = PBXFileReference; fileEncoding = 4; lastKnownFileType = sourcecode.c.h; name = "UIColor+ColorMix.h"; path = "Category/UIColor+ColorMix.h"; sourceTree = "<group>"; };
		7D56C06A1B3B0D5B0032FA52 /* UIColor+ColorMix.m */ = {isa = PBXFileReference; fileEncoding = 4; lastKnownFileType = sourcecode.c.objc; name = "UIColor+ColorMix.m"; path = "Category/UIColor+ColorMix.m"; sourceTree = "<group>"; };
		7D56C06C1B3B0E540032FA52 /* UILabel+ColorMix.h */ = {isa = PBXFileReference; fileEncoding = 4; lastKnownFileType = sourcecode.c.h; name = "UILabel+ColorMix.h"; path = "Category/UILabel+ColorMix.h"; sourceTree = "<group>"; };
		7D56C06D1B3B0E540032FA52 /* UILabel+ColorMix.m */ = {isa = PBXFileReference; fileEncoding = 4; lastKnownFileType = sourcecode.c.objc; name = "UILabel+ColorMix.m"; path = "Category/UILabel+ColorMix.m"; sourceTree = "<group>"; };
		7D56C0741B3B19230032FA52 /* ColorList.plist */ = {isa = PBXFileReference; fileEncoding = 4; lastKnownFileType = text.plist.xml; path = ColorList.plist; sourceTree = "<group>"; };
		7D56C0781B3B25330032FA52 /* CMGameResultViewController.xib */ = {isa = PBXFileReference; fileEncoding = 4; lastKnownFileType = file.xib; name = CMGameResultViewController.xib; path = ViewController/CMGameResultViewController.xib; sourceTree = "<group>"; };
		7D56C07A1B3B25390032FA52 /* CMGameResultViewController.h */ = {isa = PBXFileReference; fileEncoding = 4; lastKnownFileType = sourcecode.c.h; name = CMGameResultViewController.h; path = ViewController/CMGameResultViewController.h; sourceTree = "<group>"; };
		7D56C07B1B3B25390032FA52 /* CMGameResultViewController.m */ = {isa = PBXFileReference; fileEncoding = 4; lastKnownFileType = sourcecode.c.objc; name = CMGameResultViewController.m; path = ViewController/CMGameResultViewController.m; sourceTree = "<group>"; };
		7D7E9E871B3CD5B900DA58A5 /* CMTutorialViewController.h */ = {isa = PBXFileReference; fileEncoding = 4; lastKnownFileType = sourcecode.c.h; name = CMTutorialViewController.h; path = ViewController/CMTutorialViewController.h; sourceTree = "<group>"; };
		7D7E9E881B3CD5B900DA58A5 /* CMTutorialViewController.m */ = {isa = PBXFileReference; fileEncoding = 4; lastKnownFileType = sourcecode.c.objc; name = CMTutorialViewController.m; path = ViewController/CMTutorialViewController.m; sourceTree = "<group>"; };
		7D7E9E891B3CD5B900DA58A5 /* CMTutorialViewController.xib */ = {isa = PBXFileReference; fileEncoding = 4; lastKnownFileType = file.xib; name = CMTutorialViewController.xib; path = ViewController/CMTutorialViewController.xib; sourceTree = "<group>"; };
		7D9B79B51B3C407F00055E24 /* CMGameViewController.xib */ = {isa = PBXFileReference; fileEncoding = 4; lastKnownFileType = file.xib; name = CMGameViewController.xib; path = ViewController/CMGameViewController.xib; sourceTree = "<group>"; };
		7DCF5ADD1B3B2C2A00A85AB5 /* CMCardView.h */ = {isa = PBXFileReference; fileEncoding = 4; lastKnownFileType = sourcecode.c.h; name = CMCardView.h; path = View/CMCardView.h; sourceTree = "<group>"; };
		7DCF5ADE1B3B2C2A00A85AB5 /* CMCardView.m */ = {isa = PBXFileReference; fileEncoding = 4; lastKnownFileType = sourcecode.c.objc; name = CMCardView.m; path = View/CMCardView.m; sourceTree = "<group>"; };
		7DCF5AE01B3B2C4800A85AB5 /* CMCardView.xib */ = {isa = PBXFileReference; fileEncoding = 4; lastKnownFileType = file.xib; name = CMCardView.xib; path = View/CMCardView.xib; sourceTree = "<group>"; };
		7DFADB651B3C4B0300C2E8F6 /* CMSettingViewController.h */ = {isa = PBXFileReference; fileEncoding = 4; lastKnownFileType = sourcecode.c.h; name = CMSettingViewController.h; path = ViewController/CMSettingViewController.h; sourceTree = "<group>"; };
		7DFADB661B3C4B0300C2E8F6 /* CMSettingViewController.m */ = {isa = PBXFileReference; fileEncoding = 4; lastKnownFileType = sourcecode.c.objc; name = CMSettingViewController.m; path = ViewController/CMSettingViewController.m; sourceTree = "<group>"; };
		7DFADB671B3C4B0300C2E8F6 /* CMSettingViewController.xib */ = {isa = PBXFileReference; fileEncoding = 4; lastKnownFileType = file.xib; name = CMSettingViewController.xib; path = ViewController/CMSettingViewController.xib; sourceTree = "<group>"; };
		7DFADB6D1B3C530C00C2E8F6 /* AppDelegate.m */ = {isa = PBXFileReference; fileEncoding = 4; lastKnownFileType = sourcecode.c.objc; path = AppDelegate.m; sourceTree = "<group>"; };
		7DFADB6F1B3C561500C2E8F6 /* CMLabel.h */ = {isa = PBXFileReference; fileEncoding = 4; lastKnownFileType = sourcecode.c.h; name = CMLabel.h; path = View/CMLabel.h; sourceTree = "<group>"; };
		7DFADB701B3C561500C2E8F6 /* CMLabel.m */ = {isa = PBXFileReference; fileEncoding = 4; lastKnownFileType = sourcecode.c.objc; name = CMLabel.m; path = View/CMLabel.m; sourceTree = "<group>"; };
		7DFADB721B3C57F200C2E8F6 /* CMScoreView.m */ = {isa = PBXFileReference; fileEncoding = 4; lastKnownFileType = sourcecode.c.objc; name = CMScoreView.m; path = View/CMScoreView.m; sourceTree = "<group>"; };
		7DFADB741B3C580300C2E8F6 /* CMScoreView.h */ = {isa = PBXFileReference; lastKnownFileType = sourcecode.c.h; name = CMScoreView.h; path = View/CMScoreView.h; sourceTree = "<group>"; };
		7DFADB751B3C582900C2E8F6 /* CMScoreView.xib */ = {isa = PBXFileReference; fileEncoding = 4; lastKnownFileType = file.xib; name = CMScoreView.xib; path = View/CMScoreView.xib; sourceTree = "<group>"; };
		7DFADB771B3C5C6100C2E8F6 /* UIImage+ColorMix.h */ = {isa = PBXFileReference; fileEncoding = 4; lastKnownFileType = sourcecode.c.h; name = "UIImage+ColorMix.h"; path = "Category/UIImage+ColorMix.h"; sourceTree = "<group>"; };
		7DFADB781B3C5C6100C2E8F6 /* UIImage+ColorMix.m */ = {isa = PBXFileReference; fileEncoding = 4; lastKnownFileType = sourcecode.c.objc; name = "UIImage+ColorMix.m"; path = "Category/UIImage+ColorMix.m"; sourceTree = "<group>"; };
		9234BD551B3A805100D3FFF2 /* ColorMix.app */ = {isa = PBXFileReference; explicitFileType = wrapper.application; includeInIndex = 0; path = ColorMix.app; sourceTree = BUILT_PRODUCTS_DIR; };
		9234BD591B3A805100D3FFF2 /* Info.plist */ = {isa = PBXFileReference; lastKnownFileType = text.plist.xml; path = Info.plist; sourceTree = "<group>"; };
		9234BD5A1B3A805100D3FFF2 /* main.m */ = {isa = PBXFileReference; lastKnownFileType = sourcecode.c.objc; path = main.m; sourceTree = "<group>"; };
		9234BD5C1B3A805100D3FFF2 /* AppDelegate.h */ = {isa = PBXFileReference; lastKnownFileType = sourcecode.c.h; path = AppDelegate.h; sourceTree = "<group>"; };
		9234BD651B3A805100D3FFF2 /* Images.xcassets */ = {isa = PBXFileReference; lastKnownFileType = folder.assetcatalog; path = Images.xcassets; sourceTree = "<group>"; };
		9234BD681B3A805100D3FFF2 /* Base */ = {isa = PBXFileReference; lastKnownFileType = file.xib; name = Base; path = Base.lproj/LaunchScreen.xib; sourceTree = "<group>"; };
		9234BD6E1B3A805100D3FFF2 /* ColorMixTests.xctest */ = {isa = PBXFileReference; explicitFileType = wrapper.cfbundle; includeInIndex = 0; path = ColorMixTests.xctest; sourceTree = BUILT_PRODUCTS_DIR; };
		9234BD731B3A805100D3FFF2 /* Info.plist */ = {isa = PBXFileReference; lastKnownFileType = text.plist.xml; path = Info.plist; sourceTree = "<group>"; };
		9234BD741B3A805100D3FFF2 /* ColorMixTests.m */ = {isa = PBXFileReference; lastKnownFileType = sourcecode.c.objc; path = ColorMixTests.m; sourceTree = "<group>"; };
		923B6D731B3BEDC4005386A4 /* libz.dylib */ = {isa = PBXFileReference; lastKnownFileType = "compiled.mach-o.dylib"; name = libz.dylib; path = usr/lib/libz.dylib; sourceTree = SDKROOT; };
		923B6D761B3BEE9E005386A4 /* libMobClickGameLibrary.a */ = {isa = PBXFileReference; lastKnownFileType = archive.ar; name = libMobClickGameLibrary.a; path = ColorMix/Frameworks/Umeng/libMobClickGameLibrary.a; sourceTree = "<group>"; };
		923B6D771B3BEE9E005386A4 /* MobClick.h */ = {isa = PBXFileReference; fileEncoding = 4; lastKnownFileType = sourcecode.c.h; name = MobClick.h; path = ColorMix/Frameworks/Umeng/MobClick.h; sourceTree = "<group>"; };
		923B6D781B3BEE9E005386A4 /* MobClickGameAnalytics.h */ = {isa = PBXFileReference; fileEncoding = 4; lastKnownFileType = sourcecode.c.h; name = MobClickGameAnalytics.h; path = ColorMix/Frameworks/Umeng/MobClickGameAnalytics.h; sourceTree = "<group>"; };
		923B6D791B3BEE9E005386A4 /* MobClickSocialAnalytics.h */ = {isa = PBXFileReference; fileEncoding = 4; lastKnownFileType = sourcecode.c.h; name = MobClickSocialAnalytics.h; path = ColorMix/Frameworks/Umeng/MobClickSocialAnalytics.h; sourceTree = "<group>"; };
		925358FE1B3BE84400C0677E /* CMConstants.h */ = {isa = PBXFileReference; fileEncoding = 4; lastKnownFileType = sourcecode.c.h; name = CMConstants.h; path = ColorMix/CMConstants.h; sourceTree = "<group>"; };
		928208C41B3C11F500664E90 /* UIViewController+ColorMix.h */ = {isa = PBXFileReference; fileEncoding = 4; lastKnownFileType = sourcecode.c.h; name = "UIViewController+ColorMix.h"; path = "Category/UIViewController+ColorMix.h"; sourceTree = "<group>"; };
		928208C51B3C11F500664E90 /* UIViewController+ColorMix.m */ = {isa = PBXFileReference; fileEncoding = 4; lastKnownFileType = sourcecode.c.objc; name = "UIViewController+ColorMix.m"; path = "Category/UIViewController+ColorMix.m"; sourceTree = "<group>"; };
/* End PBXFileReference section */

/* Begin PBXFrameworksBuildPhase section */
		9234BD521B3A805100D3FFF2 /* Frameworks */ = {
			isa = PBXFrameworksBuildPhase;
			buildActionMask = 2147483647;
			files = (
				923B6D7B1B3BEEB3005386A4 /* libMobClickGameLibrary.a in Frameworks */,
				923B6D741B3BEDC4005386A4 /* libz.dylib in Frameworks */,
			);
			runOnlyForDeploymentPostprocessing = 0;
		};
		9234BD6B1B3A805100D3FFF2 /* Frameworks */ = {
			isa = PBXFrameworksBuildPhase;
			buildActionMask = 2147483647;
			files = (
			);
			runOnlyForDeploymentPostprocessing = 0;
		};
/* End PBXFrameworksBuildPhase section */

/* Begin PBXGroup section */
		63BECB6C384543B8E9569D0E /* Pods */ = {
			isa = PBXGroup;
			children = (
			);
			name = Pods;
			sourceTree = "<group>";
		};
		7CFAD281F2F6DB3D8D4C714E /* Frameworks */ = {
			isa = PBXGroup;
			children = (
				923B6D731B3BEDC4005386A4 /* libz.dylib */,
				923B6D721B3BED9D005386A4 /* Umeng */,
			);
			name = Frameworks;
			sourceTree = "<group>";
		};
		7D1BB32B1B3ACEE500C2FDDC /* Factory */ = {
			isa = PBXGroup;
			children = (
				7D1BB3311B3ACFC000C2FDDC /* CMColorFactory.h */,
				7D1BB3321B3ACFC000C2FDDC /* CMColorFactory.m */,
				7D1BB32C1B3ACEFE00C2FDDC /* CMCardFactory.h */,
				7D1BB32D1B3ACEFE00C2FDDC /* CMCardFactory.m */,
				7D1BB3341B3AD31500C2FDDC /* CMQuestionFactory.h */,
				7D1BB3351B3AD31500C2FDDC /* CMQuestionFactory.m */,
			);
			name = Factory;
			sourceTree = "<group>";
		};
		7D1BB3371B3ADB0300C2FDDC /* ViewController */ = {
			isa = PBXGroup;
			children = (
				7D7E9E871B3CD5B900DA58A5 /* CMTutorialViewController.h */,
				7D7E9E881B3CD5B900DA58A5 /* CMTutorialViewController.m */,
				7D7E9E891B3CD5B900DA58A5 /* CMTutorialViewController.xib */,
				7D1BB33E1B3ADC9B00C2FDDC /* CMGameViewController.h */,
				7D1BB33F1B3ADC9B00C2FDDC /* CMGameViewController.m */,
				7D9B79B51B3C407F00055E24 /* CMGameViewController.xib */,
				7D1BB3381B3ADB4500C2FDDC /* CMMenuViewController.h */,
				7D1BB3391B3ADB4500C2FDDC /* CMMenuViewController.m */,
				7D1BB33A1B3ADB4500C2FDDC /* CMMenuViewController.xib */,
				7D56C07A1B3B25390032FA52 /* CMGameResultViewController.h */,
				7D56C07B1B3B25390032FA52 /* CMGameResultViewController.m */,
				7D56C0781B3B25330032FA52 /* CMGameResultViewController.xib */,
				7DFADB651B3C4B0300C2E8F6 /* CMSettingViewController.h */,
				7DFADB661B3C4B0300C2E8F6 /* CMSettingViewController.m */,
				7DFADB671B3C4B0300C2E8F6 /* CMSettingViewController.xib */,
			);
			name = ViewController;
			sourceTree = "<group>";
		};
		7D1BB33D1B3ADC7A00C2FDDC /* View */ = {
			isa = PBXGroup;
			children = (
				7DFADB741B3C580300C2E8F6 /* CMScoreView.h */,
				7DFADB721B3C57F200C2E8F6 /* CMScoreView.m */,
				7DFADB751B3C582900C2E8F6 /* CMScoreView.xib */,
				7DFADB6F1B3C561500C2E8F6 /* CMLabel.h */,
				7DFADB701B3C561500C2E8F6 /* CMLabel.m */,
				7D1BB3431B3AE03200C2FDDC /* CMQuestionView.h */,
				7D1BB3441B3AE03200C2FDDC /* CMQuestionView.m */,
				7D1BB3461B3AEF9A00C2FDDC /* CMQuestionView.xib */,
				7DCF5ADD1B3B2C2A00A85AB5 /* CMCardView.h */,
				7DCF5ADE1B3B2C2A00A85AB5 /* CMCardView.m */,
				7DCF5AE01B3B2C4800A85AB5 /* CMCardView.xib */,
			);
			name = View;
			sourceTree = "<group>";
		};
		7D1BB3481B3B0CB900C2FDDC /* Category */ = {
			isa = PBXGroup;
			children = (
				7DFADB771B3C5C6100C2E8F6 /* UIImage+ColorMix.h */,
				7DFADB781B3C5C6100C2E8F6 /* UIImage+ColorMix.m */,
				7D56C0661B3B0CFD0032FA52 /* UIView+ColorMix.h */,
				7D56C0671B3B0CFD0032FA52 /* UIView+ColorMix.m */,
				7D56C0691B3B0D5A0032FA52 /* UIColor+ColorMix.h */,
				7D56C06A1B3B0D5B0032FA52 /* UIColor+ColorMix.m */,
				7D56C06C1B3B0E540032FA52 /* UILabel+ColorMix.h */,
				7D56C06D1B3B0E540032FA52 /* UILabel+ColorMix.m */,
				928208C41B3C11F500664E90 /* UIViewController+ColorMix.h */,
				928208C51B3C11F500664E90 /* UIViewController+ColorMix.m */,
			);
			name = Category;
			sourceTree = "<group>";
		};
		7DD3848E1B3AC7FA004C287C /* Model */ = {
			isa = PBXGroup;
			children = (
				7D1BB32B1B3ACEE500C2FDDC /* Factory */,
				7D1BB3201B3AC93A00C2FDDC /* CMColor.h */,
				7D1BB3211B3AC93A00C2FDDC /* CMColor.m */,
				7D1BB31D1B3AC8A800C2FDDC /* CMCard.h */,
				7D1BB31E1B3AC8A800C2FDDC /* CMCard.m */,
				7D1BB3251B3ACAE200C2FDDC /* CMQuestion.h */,
				7D1BB3261B3ACAE200C2FDDC /* CMQuestion.m */,
				7D1BB3281B3ACC2C00C2FDDC /* CMScene.h */,
				7D1BB3291B3ACC2C00C2FDDC /* CMScene.m */,
			);
			name = Model;
			sourceTree = "<group>";
		};
		9234BD4C1B3A805100D3FFF2 = {
			isa = PBXGroup;
			children = (
				7D1BB3241B3ACA2300C2FDDC /* ColorMix-Prefix.pch */,
				925358FE1B3BE84400C0677E /* CMConstants.h */,
				9234BD571B3A805100D3FFF2 /* ColorMix */,
				9234BD711B3A805100D3FFF2 /* ColorMixTests */,
				9234BD561B3A805100D3FFF2 /* Products */,
				63BECB6C384543B8E9569D0E /* Pods */,
				7CFAD281F2F6DB3D8D4C714E /* Frameworks */,
			);
			sourceTree = "<group>";
		};
		9234BD561B3A805100D3FFF2 /* Products */ = {
			isa = PBXGroup;
			children = (
				9234BD551B3A805100D3FFF2 /* ColorMix.app */,
				9234BD6E1B3A805100D3FFF2 /* ColorMixTests.xctest */,
			);
			name = Products;
			sourceTree = "<group>";
		};
		9234BD571B3A805100D3FFF2 /* ColorMix */ = {
			isa = PBXGroup;
			children = (
				7D1BB3481B3B0CB900C2FDDC /* Category */,
				7D1BB33D1B3ADC7A00C2FDDC /* View */,
				7D1BB3371B3ADB0300C2FDDC /* ViewController */,
				7DD3848E1B3AC7FA004C287C /* Model */,
				9234BD5C1B3A805100D3FFF2 /* AppDelegate.h */,
				7DFADB6D1B3C530C00C2E8F6 /* AppDelegate.m */,
				9234BD651B3A805100D3FFF2 /* Images.xcassets */,
				9234BD671B3A805100D3FFF2 /* LaunchScreen.xib */,
				9234BD581B3A805100D3FFF2 /* Supporting Files */,
			);
			path = ColorMix;
			sourceTree = "<group>";
		};
		9234BD581B3A805100D3FFF2 /* Supporting Files */ = {
			isa = PBXGroup;
			children = (
				9234BD591B3A805100D3FFF2 /* Info.plist */,
				9234BD5A1B3A805100D3FFF2 /* main.m */,
				7D56C0741B3B19230032FA52 /* ColorList.plist */,
			);
			name = "Supporting Files";
			sourceTree = "<group>";
		};
		9234BD711B3A805100D3FFF2 /* ColorMixTests */ = {
			isa = PBXGroup;
			children = (
				9234BD741B3A805100D3FFF2 /* ColorMixTests.m */,
				9234BD721B3A805100D3FFF2 /* Supporting Files */,
			);
			path = ColorMixTests;
			sourceTree = "<group>";
		};
		9234BD721B3A805100D3FFF2 /* Supporting Files */ = {
			isa = PBXGroup;
			children = (
				9234BD731B3A805100D3FFF2 /* Info.plist */,
			);
			name = "Supporting Files";
			sourceTree = "<group>";
		};
		923B6D721B3BED9D005386A4 /* Umeng */ = {
			isa = PBXGroup;
			children = (
				923B6D761B3BEE9E005386A4 /* libMobClickGameLibrary.a */,
				923B6D771B3BEE9E005386A4 /* MobClick.h */,
				923B6D781B3BEE9E005386A4 /* MobClickGameAnalytics.h */,
				923B6D791B3BEE9E005386A4 /* MobClickSocialAnalytics.h */,
			);
			name = Umeng;
			sourceTree = "<group>";
		};
/* End PBXGroup section */

/* Begin PBXNativeTarget section */
		9234BD541B3A805100D3FFF2 /* ColorMix */ = {
			isa = PBXNativeTarget;
			buildConfigurationList = 9234BD781B3A805100D3FFF2 /* Build configuration list for PBXNativeTarget "ColorMix" */;
			buildPhases = (
				9234BD511B3A805100D3FFF2 /* Sources */,
				9234BD521B3A805100D3FFF2 /* Frameworks */,
				9234BD531B3A805100D3FFF2 /* Resources */,
			);
			buildRules = (
			);
			dependencies = (
			);
			name = ColorMix;
			productName = ColorMix;
			productReference = 9234BD551B3A805100D3FFF2 /* ColorMix.app */;
			productType = "com.apple.product-type.application";
		};
		9234BD6D1B3A805100D3FFF2 /* ColorMixTests */ = {
			isa = PBXNativeTarget;
			buildConfigurationList = 9234BD7B1B3A805100D3FFF2 /* Build configuration list for PBXNativeTarget "ColorMixTests" */;
			buildPhases = (
				9234BD6A1B3A805100D3FFF2 /* Sources */,
				9234BD6B1B3A805100D3FFF2 /* Frameworks */,
				9234BD6C1B3A805100D3FFF2 /* Resources */,
			);
			buildRules = (
			);
			dependencies = (
				9234BD701B3A805100D3FFF2 /* PBXTargetDependency */,
			);
			name = ColorMixTests;
			productName = ColorMixTests;
			productReference = 9234BD6E1B3A805100D3FFF2 /* ColorMixTests.xctest */;
			productType = "com.apple.product-type.bundle.unit-test";
		};
/* End PBXNativeTarget section */

/* Begin PBXProject section */
		9234BD4D1B3A805100D3FFF2 /* Project object */ = {
			isa = PBXProject;
			attributes = {
				CLASSPREFIX = CM;
				LastUpgradeCheck = 0700;
				ORGANIZATIONNAME = Cee;
				TargetAttributes = {
					9234BD541B3A805100D3FFF2 = {
						CreatedOnToolsVersion = 6.3.2;
						DevelopmentTeam = BJJYLFU3B7;
					};
					9234BD6D1B3A805100D3FFF2 = {
						CreatedOnToolsVersion = 6.3.2;
						TestTargetID = 9234BD541B3A805100D3FFF2;
					};
				};
			};
			buildConfigurationList = 9234BD501B3A805100D3FFF2 /* Build configuration list for PBXProject "ColorMix" */;
			compatibilityVersion = "Xcode 3.2";
			developmentRegion = English;
			hasScannedForEncodings = 0;
			knownRegions = (
				en,
				Base,
			);
			mainGroup = 9234BD4C1B3A805100D3FFF2;
			productRefGroup = 9234BD561B3A805100D3FFF2 /* Products */;
			projectDirPath = "";
			projectRoot = "";
			targets = (
				9234BD541B3A805100D3FFF2 /* ColorMix */,
				9234BD6D1B3A805100D3FFF2 /* ColorMixTests */,
			);
		};
/* End PBXProject section */

/* Begin PBXResourcesBuildPhase section */
		9234BD531B3A805100D3FFF2 /* Resources */ = {
			isa = PBXResourcesBuildPhase;
			buildActionMask = 2147483647;
			files = (
				9234BD691B3A805100D3FFF2 /* LaunchScreen.xib in Resources */,
				7D1BB33C1B3ADB4500C2FDDC /* CMMenuViewController.xib in Resources */,
				7D9B79B61B3C407F00055E24 /* CMGameViewController.xib in Resources */,
				7D1BB3471B3AEF9A00C2FDDC /* CMQuestionView.xib in Resources */,
				7DCF5AE11B3B2C4800A85AB5 /* CMCardView.xib in Resources */,
				7D56C0751B3B19230032FA52 /* ColorList.plist in Resources */,
				9234BD661B3A805100D3FFF2 /* Images.xcassets in Resources */,
				7D56C0791B3B25330032FA52 /* CMGameResultViewController.xib in Resources */,
				7DFADB691B3C4B0300C2E8F6 /* CMSettingViewController.xib in Resources */,
				7D7E9E8B1B3CD5B900DA58A5 /* CMTutorialViewController.xib in Resources */,
				7DFADB761B3C582900C2E8F6 /* CMScoreView.xib in Resources */,
			);
			runOnlyForDeploymentPostprocessing = 0;
		};
		9234BD6C1B3A805100D3FFF2 /* Resources */ = {
			isa = PBXResourcesBuildPhase;
			buildActionMask = 2147483647;
			files = (
			);
			runOnlyForDeploymentPostprocessing = 0;
		};
/* End PBXResourcesBuildPhase section */

/* Begin PBXSourcesBuildPhase section */
		9234BD511B3A805100D3FFF2 /* Sources */ = {
			isa = PBXSourcesBuildPhase;
			buildActionMask = 2147483647;
			files = (
				7DFADB6E1B3C530C00C2E8F6 /* AppDelegate.m in Sources */,
				7D1BB3221B3AC93A00C2FDDC /* CMColor.m in Sources */,
				7D7E9E8A1B3CD5B900DA58A5 /* CMTutorialViewController.m in Sources */,
				7D1BB31F1B3AC8A800C2FDDC /* CMCard.m in Sources */,
				7DFADB681B3C4B0300C2E8F6 /* CMSettingViewController.m in Sources */,
				7D1BB33B1B3ADB4500C2FDDC /* CMMenuViewController.m in Sources */,
				7D1BB3331B3ACFC000C2FDDC /* CMColorFactory.m in Sources */,
				928208C61B3C11F500664E90 /* UIViewController+ColorMix.m in Sources */,
				7D56C06E1B3B0E540032FA52 /* UILabel+ColorMix.m in Sources */,
				7DFADB791B3C5C6100C2E8F6 /* UIImage+ColorMix.m in Sources */,
				7DFADB711B3C561500C2E8F6 /* CMLabel.m in Sources */,
				7D1BB32E1B3ACEFE00C2FDDC /* CMCardFactory.m in Sources */,
				7D56C06B1B3B0D5B0032FA52 /* UIColor+ColorMix.m in Sources */,
				7D1BB3451B3AE03200C2FDDC /* CMQuestionView.m in Sources */,
				7DCF5ADF1B3B2C2A00A85AB5 /* CMCardView.m in Sources */,
				7DFADB731B3C57F200C2E8F6 /* CMScoreView.m in Sources */,
				7D1BB3361B3AD31500C2FDDC /* CMQuestionFactory.m in Sources */,
				9234BD5B1B3A805100D3FFF2 /* main.m in Sources */,
				7D56C0681B3B0CFD0032FA52 /* UIView+ColorMix.m in Sources */,
				7D1BB3411B3ADC9B00C2FDDC /* CMGameViewController.m in Sources */,
				7D1BB32A1B3ACC2C00C2FDDC /* CMScene.m in Sources */,
				7D1BB3271B3ACAE200C2FDDC /* CMQuestion.m in Sources */,
				7D56C07C1B3B25390032FA52 /* CMGameResultViewController.m in Sources */,
			);
			runOnlyForDeploymentPostprocessing = 0;
		};
		9234BD6A1B3A805100D3FFF2 /* Sources */ = {
			isa = PBXSourcesBuildPhase;
			buildActionMask = 2147483647;
			files = (
				9234BD751B3A805100D3FFF2 /* ColorMixTests.m in Sources */,
			);
			runOnlyForDeploymentPostprocessing = 0;
		};
/* End PBXSourcesBuildPhase section */

/* Begin PBXTargetDependency section */
		9234BD701B3A805100D3FFF2 /* PBXTargetDependency */ = {
			isa = PBXTargetDependency;
			target = 9234BD541B3A805100D3FFF2 /* ColorMix */;
			targetProxy = 9234BD6F1B3A805100D3FFF2 /* PBXContainerItemProxy */;
		};
/* End PBXTargetDependency section */

/* Begin PBXVariantGroup section */
		9234BD671B3A805100D3FFF2 /* LaunchScreen.xib */ = {
			isa = PBXVariantGroup;
			children = (
				9234BD681B3A805100D3FFF2 /* Base */,
			);
			name = LaunchScreen.xib;
			sourceTree = "<group>";
		};
/* End PBXVariantGroup section */

/* Begin XCBuildConfiguration section */
		9234BD761B3A805100D3FFF2 /* Debug */ = {
			isa = XCBuildConfiguration;
			buildSettings = {
				ALWAYS_SEARCH_USER_PATHS = NO;
				CLANG_CXX_LANGUAGE_STANDARD = "gnu++0x";
				CLANG_CXX_LIBRARY = "libc++";
				CLANG_ENABLE_MODULES = YES;
				CLANG_ENABLE_OBJC_ARC = YES;
				CLANG_WARN_BOOL_CONVERSION = YES;
				CLANG_WARN_CONSTANT_CONVERSION = YES;
				CLANG_WARN_DIRECT_OBJC_ISA_USAGE = YES_ERROR;
				CLANG_WARN_EMPTY_BODY = YES;
				CLANG_WARN_ENUM_CONVERSION = YES;
				CLANG_WARN_INT_CONVERSION = YES;
				CLANG_WARN_OBJC_ROOT_CLASS = YES_ERROR;
				CLANG_WARN_UNREACHABLE_CODE = YES;
				CLANG_WARN__DUPLICATE_METHOD_MATCH = YES;
				CODE_SIGN_IDENTITY = "iPhone Developer: Tianyu Wang (8H8FNZFPPU)";
				"CODE_SIGN_IDENTITY[sdk=iphoneos*]" = "iPhone Developer: Tianyu Wang (8H8FNZFPPU)";
				COPY_PHASE_STRIP = NO;
				DEBUG_INFORMATION_FORMAT = "dwarf-with-dsym";
				ENABLE_STRICT_OBJC_MSGSEND = YES;
				ENABLE_TESTABILITY = YES;
				GCC_C_LANGUAGE_STANDARD = gnu99;
				GCC_DYNAMIC_NO_PIC = NO;
				GCC_NO_COMMON_BLOCKS = YES;
				GCC_OPTIMIZATION_LEVEL = 0;
				GCC_PREPROCESSOR_DEFINITIONS = (
					"DEBUG=1",
					"$(inherited)",
				);
				GCC_SYMBOLS_PRIVATE_EXTERN = NO;
				GCC_WARN_64_TO_32_BIT_CONVERSION = YES;
				GCC_WARN_ABOUT_RETURN_TYPE = YES_ERROR;
				GCC_WARN_UNDECLARED_SELECTOR = YES;
				GCC_WARN_UNINITIALIZED_AUTOS = YES_AGGRESSIVE;
				GCC_WARN_UNUSED_FUNCTION = YES;
				GCC_WARN_UNUSED_VARIABLE = YES;
				IPHONEOS_DEPLOYMENT_TARGET = 8.3;
				MTL_ENABLE_DEBUG_INFO = YES;
				ONLY_ACTIVE_ARCH = YES;
				PROVISIONING_PROFILE = "2d2bcc7f-b970-42cb-b3d7-b95df6c82a25";
				SDKROOT = iphoneos;
				TARGETED_DEVICE_FAMILY = "1,2";
			};
			name = Debug;
		};
		9234BD771B3A805100D3FFF2 /* Release */ = {
			isa = XCBuildConfiguration;
			buildSettings = {
				ALWAYS_SEARCH_USER_PATHS = NO;
				CLANG_CXX_LANGUAGE_STANDARD = "gnu++0x";
				CLANG_CXX_LIBRARY = "libc++";
				CLANG_ENABLE_MODULES = YES;
				CLANG_ENABLE_OBJC_ARC = YES;
				CLANG_WARN_BOOL_CONVERSION = YES;
				CLANG_WARN_CONSTANT_CONVERSION = YES;
				CLANG_WARN_DIRECT_OBJC_ISA_USAGE = YES_ERROR;
				CLANG_WARN_EMPTY_BODY = YES;
				CLANG_WARN_ENUM_CONVERSION = YES;
				CLANG_WARN_INT_CONVERSION = YES;
				CLANG_WARN_OBJC_ROOT_CLASS = YES_ERROR;
				CLANG_WARN_UNREACHABLE_CODE = YES;
				CLANG_WARN__DUPLICATE_METHOD_MATCH = YES;
				CODE_SIGN_IDENTITY = "iPhone Distribution: Tianyu Wang (BJJYLFU3B7)";
				"CODE_SIGN_IDENTITY[sdk=iphoneos*]" = "iPhone Distribution: Tianyu Wang (BJJYLFU3B7)";
				COPY_PHASE_STRIP = NO;
				DEBUG_INFORMATION_FORMAT = "dwarf-with-dsym";
				ENABLE_NS_ASSERTIONS = NO;
				ENABLE_STRICT_OBJC_MSGSEND = YES;
				GCC_C_LANGUAGE_STANDARD = gnu99;
				GCC_NO_COMMON_BLOCKS = YES;
				GCC_WARN_64_TO_32_BIT_CONVERSION = YES;
				GCC_WARN_ABOUT_RETURN_TYPE = YES_ERROR;
				GCC_WARN_UNDECLARED_SELECTOR = YES;
				GCC_WARN_UNINITIALIZED_AUTOS = YES_AGGRESSIVE;
				GCC_WARN_UNUSED_FUNCTION = YES;
				GCC_WARN_UNUSED_VARIABLE = YES;
				IPHONEOS_DEPLOYMENT_TARGET = 8.3;
				MTL_ENABLE_DEBUG_INFO = NO;
				PROVISIONING_PROFILE = "32bc0792-84ed-479e-8b90-c6a78bd8e9b8";
				SDKROOT = iphoneos;
				TARGETED_DEVICE_FAMILY = "1,2";
				VALIDATE_PRODUCT = YES;
			};
			name = Release;
		};
		9234BD791B3A805100D3FFF2 /* Debug */ = {
			isa = XCBuildConfiguration;
			buildSettings = {
				ASSETCATALOG_COMPILER_APPICON_NAME = AppIcon;
				CODE_SIGN_IDENTITY = "iPhone Developer: Tianyu Wang (8H8FNZFPPU)";
				GCC_PRECOMPILE_PREFIX_HEADER = YES;
				GCC_PREFIX_HEADER = "ColorMix/ColorMix-Prefix.pch";
				INFOPLIST_FILE = ColorMix/Info.plist;
				LD_RUNPATH_SEARCH_PATHS = "$(inherited) @executable_path/Frameworks";
				LIBRARY_SEARCH_PATHS = (
					"$(inherited)",
					"$(PROJECT_DIR)/build/Debug-iphoneos",
					"$(PROJECT_DIR)",
					"$(PROJECT_DIR)/ColorMix/Frameworks/Umeng",
				);
				PRODUCT_BUNDLE_IDENTIFIER = "Cee.$(PRODUCT_NAME:rfc1034identifier)";
				PRODUCT_NAME = "$(TARGET_NAME)";
				PROVISIONING_PROFILE = "2d2bcc7f-b970-42cb-b3d7-b95df6c82a25";
			};
			name = Debug;
		};
		9234BD7A1B3A805100D3FFF2 /* Release */ = {
			isa = XCBuildConfiguration;
			buildSettings = {
				ASSETCATALOG_COMPILER_APPICON_NAME = AppIcon;
				CODE_SIGN_IDENTITY = "iPhone Distribution: Tianyu Wang (BJJYLFU3B7)";
				"CODE_SIGN_IDENTITY[sdk=iphoneos*]" = "iPhone Distribution: Tianyu Wang (BJJYLFU3B7)";
				GCC_PRECOMPILE_PREFIX_HEADER = YES;
				GCC_PREFIX_HEADER = "ColorMix/ColorMix-Prefix.pch";
				INFOPLIST_FILE = ColorMix/Info.plist;
				LD_RUNPATH_SEARCH_PATHS = "$(inherited) @executable_path/Frameworks";
				LIBRARY_SEARCH_PATHS = (
					"$(inherited)",
					"$(PROJECT_DIR)/build/Debug-iphoneos",
					"$(PROJECT_DIR)",
					"$(PROJECT_DIR)/ColorMix/Frameworks/Umeng",
				);
				PRODUCT_BUNDLE_IDENTIFIER = "Cee.$(PRODUCT_NAME:rfc1034identifier)";
				PRODUCT_NAME = "$(TARGET_NAME)";
				PROVISIONING_PROFILE = "32bc0792-84ed-479e-8b90-c6a78bd8e9b8";
			};
			name = Release;
		};
		9234BD7C1B3A805100D3FFF2 /* Debug */ = {
			isa = XCBuildConfiguration;
			buildSettings = {
				BUNDLE_LOADER = "$(TEST_HOST)";
				CODE_SIGN_IDENTITY = "iPhone Developer";
				FRAMEWORK_SEARCH_PATHS = (
					"$(SDKROOT)/Developer/Library/Frameworks",
					"$(inherited)",
				);
				GCC_PREPROCESSOR_DEFINITIONS = (
					"DEBUG=1",
					"$(inherited)",
				);
				INFOPLIST_FILE = ColorMixTests/Info.plist;
				LD_RUNPATH_SEARCH_PATHS = "$(inherited) @executable_path/Frameworks @loader_path/Frameworks";
				PRODUCT_BUNDLE_IDENTIFIER = "Cee.$(PRODUCT_NAME:rfc1034identifier)";
				PRODUCT_NAME = "$(TARGET_NAME)";
				PROVISIONING_PROFILE = "";
				TEST_HOST = "$(BUILT_PRODUCTS_DIR)/ColorMix.app/ColorMix";
			};
			name = Debug;
		};
		9234BD7D1B3A805100D3FFF2 /* Release */ = {
			isa = XCBuildConfiguration;
			buildSettings = {
				BUNDLE_LOADER = "$(TEST_HOST)";
				CODE_SIGN_IDENTITY = "iPhone Developer";
				FRAMEWORK_SEARCH_PATHS = (
					"$(SDKROOT)/Developer/Library/Frameworks",
					"$(inherited)",
				);
				INFOPLIST_FILE = ColorMixTests/Info.plist;
				LD_RUNPATH_SEARCH_PATHS = "$(inherited) @executable_path/Frameworks @loader_path/Frameworks";
				PRODUCT_BUNDLE_IDENTIFIER = "Cee.$(PRODUCT_NAME:rfc1034identifier)";
				PRODUCT_NAME = "$(TARGET_NAME)";
				PROVISIONING_PROFILE = "";
				TEST_HOST = "$(BUILT_PRODUCTS_DIR)/ColorMix.app/ColorMix";
			};
			name = Release;
		};
/* End XCBuildConfiguration section */

/* Begin XCConfigurationList section */
		9234BD501B3A805100D3FFF2 /* Build configuration list for PBXProject "ColorMix" */ = {
			isa = XCConfigurationList;
			buildConfigurations = (
				9234BD761B3A805100D3FFF2 /* Debug */,
				9234BD771B3A805100D3FFF2 /* Release */,
			);
			defaultConfigurationIsVisible = 0;
			defaultConfigurationName = Release;
		};
		9234BD781B3A805100D3FFF2 /* Build configuration list for PBXNativeTarget "ColorMix" */ = {
			isa = XCConfigurationList;
			buildConfigurations = (
				9234BD791B3A805100D3FFF2 /* Debug */,
				9234BD7A1B3A805100D3FFF2 /* Release */,
			);
			defaultConfigurationIsVisible = 0;
			defaultConfigurationName = Release;
		};
		9234BD7B1B3A805100D3FFF2 /* Build configuration list for PBXNativeTarget "ColorMixTests" */ = {
			isa = XCConfigurationList;
			buildConfigurations = (
				9234BD7C1B3A805100D3FFF2 /* Debug */,
				9234BD7D1B3A805100D3FFF2 /* Release */,
			);
			defaultConfigurationIsVisible = 0;
			defaultConfigurationName = Release;
		};
/* End XCConfigurationList section */
	};
	rootObject = 9234BD4D1B3A805100D3FFF2 /* Project object */;
}
